# THIS IS AN AUTOGENERATED FILE. DO NOT EDIT THIS FILE DIRECTLY.
# yarn lockfile v1


osamaaamer@^0.0.3:
  version "0.0.3"
  resolved "https://registry.yarnpkg.com/osamaaamer/-/osamaaamer-0.0.3.tgz#5b79c31839cd22bfed677732a15a3b014257a6bc"
  integrity sha512-PLl4b/bcNBQ7/MbRIgR1SrqEfCUs+KyodXnV5RCP9C8Pk7ia2c/9LZ6BWEdPo7XDl5vMoFOFG1GEMqXq7XcqLQ==
